
Microsoft Visual Studio Solution File, Format Version 12.00
# Visual Studio Version 17
VisualStudioVersion = 17.3.32922.545
MinimumVisualStudioVersion = 10.0.40219.1
Project("{FAE04EC0-301F-11D3-BF4B-00C04F79EFBC}") = "Test", "Test\Test.csproj", "{EFF77CE5-0525-476C-95B5-B79D4EAB341D}"
EndProject
Global
	GlobalSection(SolutionConfigurationPlatforms) = preSolution
		Debug|Any CPU = Debug|Any CPU
		Release|Any CPU = Release|Any CPU
	EndGlobalSection
	GlobalSection(ProjectConfigurationPlatforms) = postSolution
		{EFF77CE5-0525-476C-95B5-B79D4EAB341D}.Debug|Any CPU.ActiveCfg = Debug|Any CPU
		{EFF77CE5-0525-476C-95B5-B79D4EAB341D}.Debug|Any CPU.Build.0 = Debug|Any CPU
		{EFF77CE5-0525-476C-95B5-B79D4EAB341D}.Release|Any CPU.ActiveCfg = Release|Any CPU
		{EFF77CE5-0525-476C-95B5-B79D4EAB341D}.Release|Any CPU.Build.0 = Release|Any CPU
	EndGlobalSection
	GlobalSection(SolutionProperties) = preSolution
		HideSolutionNode = FALSE
	EndGlobalSection
	GlobalSection(ExtensibilityGlobals) = postSolution
		SolutionGuid = {2E6B231A-3775-47A4-BD0A-37B81ACC0545}
	EndGlobalSection
EndGlobal
